
Microsoft Visual Studio Solution File, Format Version 12.00
# Visual Studio Version 17
VisualStudioVersion = 17.7.34221.43
MinimumVisualStudioVersion = 10.0.40219.1
Project("{FAE04EC0-301F-11D3-BF4B-00C04F79EFBC}") = "PRUEBAFINALDELPROYECTODEPROGRAMACIONII", "PRUEBAFINALDELPROYECTODEPROGRAMACIONII\PRUEBAFINALDELPROYECTODEPROGRAMACIONII.csproj", "{07BBB9C4-C4BE-49D9-BBA5-4022A0BEFD00}"
EndProject
Global
	GlobalSection(SolutionConfigurationPlatforms) = preSolution
		Debug|Any CPU = Debug|Any CPU
		Release|Any CPU = Release|Any CPU
	EndGlobalSection
	GlobalSection(ProjectConfigurationPlatforms) = postSolution
		{07BBB9C4-C4BE-49D9-BBA5-4022A0BEFD00}.Debug|Any CPU.ActiveCfg = Debug|Any CPU
		{07BBB9C4-C4BE-49D9-BBA5-4022A0BEFD00}.Debug|Any CPU.Build.0 = Debug|Any CPU
		{07BBB9C4-C4BE-49D9-BBA5-4022A0BEFD00}.Release|Any CPU.ActiveCfg = Release|Any CPU
		{07BBB9C4-C4BE-49D9-BBA5-4022A0BEFD00}.Release|Any CPU.Build.0 = Release|Any CPU
	EndGlobalSection
	GlobalSection(SolutionProperties) = preSolution
		HideSolutionNode = FALSE
	EndGlobalSection
	GlobalSection(ExtensibilityGlobals) = postSolution
		SolutionGuid = {89B27C97-B10D-405D-A906-079EC611FE61}
	EndGlobalSection
EndGlobal
